// !$*UTF8*$!
{
	archiveVersion = 1;
	classes = {
	};
	objectVersion = 51;
	objects = {

/* Begin PBXBuildFile section */
		2A02454D2470076700C9A87C /* lsusb in Copy 'bin' */ = {isa = PBXBuildFile; fileRef = 2A02454B2470075A00C9A87C /* lsusb */; settings = {ATTRIBUTES = (CodeSignOnCopy, ); }; };
		2A163B3D246FF766007DB90A /* MainWindow.swift in Sources */ = {isa = PBXBuildFile; fileRef = 2A163B3C246FF766007DB90A /* MainWindow.swift */; };
		2A82F82924713E55006688EC /* Website.swift in Sources */ = {isa = PBXBuildFile; fileRef = 2A82F82824713E55006688EC /* Website.swift */; };
		2A8350D5247322DF00C70209 /* Biosmodding.swift in Sources */ = {isa = PBXBuildFile; fileRef = 2A8350D4247322DF00C70209 /* Biosmodding.swift */; };
		2A8350DC2473F31600C70209 /* 7za in Copy 'bin' */ = {isa = PBXBuildFile; fileRef = 2A8350DA2473F2EE00C70209 /* 7za */; settings = {ATTRIBUTES = (CodeSignOnCopy, ); }; };
		2A8B5EC92470A7080098B8BF /* Localizable.strings in Resources */ = {isa = PBXBuildFile; fileRef = 2A8B5EC72470A7080098B8BF /* Localizable.strings */; };
		2AB9DF0724712B1200677A16 /* InfoPlist.strings in Resources */ = {isa = PBXBuildFile; fileRef = 2AB9DF0524712B1200677A16 /* InfoPlist.strings */; };
		2AB9DF09247132BD00677A16 /* Preferences.swift in Sources */ = {isa = PBXBuildFile; fileRef = 2AB9DF08247132BD00677A16 /* Preferences.swift */; };
		2AEC297A246FF35D00ED7AD1 /* AppDelegate.swift in Sources */ = {isa = PBXBuildFile; fileRef = 2AEC2979246FF35D00ED7AD1 /* AppDelegate.swift */; };
		2AEC297C246FF35D00ED7AD1 /* ViewController.swift in Sources */ = {isa = PBXBuildFile; fileRef = 2AEC297B246FF35D00ED7AD1 /* ViewController.swift */; };
		2AEC297E246FF35E00ED7AD1 /* Assets.xcassets in Resources */ = {isa = PBXBuildFile; fileRef = 2AEC297D246FF35E00ED7AD1 /* Assets.xcassets */; };
		2AEC2981246FF35E00ED7AD1 /* Main.storyboard in Resources */ = {isa = PBXBuildFile; fileRef = 2AEC297F246FF35E00ED7AD1 /* Main.storyboard */; };
		2AEC2991246FF47F00ED7AD1 /* flashrom in Copy 'bin' */ = {isa = PBXBuildFile; fileRef = 2AEC298D246FF45A00ED7AD1 /* flashrom */; settings = {ATTRIBUTES = (CodeSignOnCopy, ); }; };
		2AEC2992246FF47F00ED7AD1 /* lib in Copy 'bin' */ = {isa = PBXBuildFile; fileRef = 2AEC298C246FF45A00ED7AD1 /* lib */; settings = {ATTRIBUTES = (CodeSignOnCopy, ); }; };
		2AEC2996246FF52700ED7AD1 /* script.command in Copy 'script' */ = {isa = PBXBuildFile; fileRef = 2AEC2993246FF50700ED7AD1 /* script.command */; settings = {ATTRIBUTES = (CodeSignOnCopy, ); }; };
		2AF7DE7624727BD900C07B69 /* Pods_G_Flash.framework in Frameworks */ = {isa = PBXBuildFile; fileRef = 83A87F8BF4E5A2DAAF39FA2C /* Pods_G_Flash.framework */; };
/* End PBXBuildFile section */

/* Begin PBXCopyFilesBuildPhase section */
		2AEC2990246FF46900ED7AD1 /* Copy 'bin' */ = {
			isa = PBXCopyFilesBuildPhase;
			buildActionMask = 2147483647;
			dstPath = bin;
			dstSubfolderSpec = 7;
			files = (
				2A8350DC2473F31600C70209 /* 7za in Copy 'bin' */,
				2A02454D2470076700C9A87C /* lsusb in Copy 'bin' */,
				2AEC2991246FF47F00ED7AD1 /* flashrom in Copy 'bin' */,
				2AEC2992246FF47F00ED7AD1 /* lib in Copy 'bin' */,
			);
			name = "Copy 'bin'";
			runOnlyForDeploymentPostprocessing = 0;
		};
		2AEC2995246FF51600ED7AD1 /* Copy 'script' */ = {
			isa = PBXCopyFilesBuildPhase;
			buildActionMask = 2147483647;
			dstPath = script;
			dstSubfolderSpec = 7;
			files = (
				2AEC2996246FF52700ED7AD1 /* script.command in Copy 'script' */,
			);
			name = "Copy 'script'";
			runOnlyForDeploymentPostprocessing = 0;
		};
/* End PBXCopyFilesBuildPhase section */

/* Begin PBXFileReference section */
		2A02454B2470075A00C9A87C /* lsusb */ = {isa = PBXFileReference; fileEncoding = 4; lastKnownFileType = text; path = lsusb; sourceTree = "<group>"; };
		2A163B3C246FF766007DB90A /* MainWindow.swift */ = {isa = PBXFileReference; lastKnownFileType = sourcecode.swift; path = MainWindow.swift; sourceTree = "<group>"; };
		2A82F82824713E55006688EC /* Website.swift */ = {isa = PBXFileReference; fileEncoding = 4; lastKnownFileType = sourcecode.swift; path = Website.swift; sourceTree = "<group>"; };
		2A8350D4247322DF00C70209 /* Biosmodding.swift */ = {isa = PBXFileReference; fileEncoding = 4; lastKnownFileType = sourcecode.swift; path = Biosmodding.swift; sourceTree = "<group>"; };
		2A8350DA2473F2EE00C70209 /* 7za */ = {isa = PBXFileReference; lastKnownFileType = "compiled.mach-o.executable"; path = 7za; sourceTree = "<group>"; };
		2A8B5EC32470A5C20098B8BF /* de */ = {isa = PBXFileReference; lastKnownFileType = text.plist.strings; name = de; path = de.lproj/Main.strings; sourceTree = "<group>"; };
		2A8B5EC82470A7080098B8BF /* de */ = {isa = PBXFileReference; lastKnownFileType = text.plist.strings; name = de; path = de.lproj/Localizable.strings; sourceTree = "<group>"; };
		2AA27D352470656B00F8E25B /* gflash.html */ = {isa = PBXFileReference; fileEncoding = 4; lastKnownFileType = text.html; path = gflash.html; sourceTree = "<group>"; };
		2AB9DF0624712B1200677A16 /* de */ = {isa = PBXFileReference; lastKnownFileType = text.plist.strings; name = de; path = de.lproj/InfoPlist.strings; sourceTree = "<group>"; };
		2AB9DF08247132BD00677A16 /* Preferences.swift */ = {isa = PBXFileReference; lastKnownFileType = sourcecode.swift; path = Preferences.swift; sourceTree = "<group>"; };
		2AEC2976246FF35D00ED7AD1 /* G-Flash.app */ = {isa = PBXFileReference; explicitFileType = wrapper.application; includeInIndex = 0; path = "G-Flash.app"; sourceTree = BUILT_PRODUCTS_DIR; };
		2AEC2979246FF35D00ED7AD1 /* AppDelegate.swift */ = {isa = PBXFileReference; lastKnownFileType = sourcecode.swift; path = AppDelegate.swift; sourceTree = "<group>"; };
		2AEC297B246FF35D00ED7AD1 /* ViewController.swift */ = {isa = PBXFileReference; lastKnownFileType = sourcecode.swift; path = ViewController.swift; sourceTree = "<group>"; };
		2AEC297D246FF35E00ED7AD1 /* Assets.xcassets */ = {isa = PBXFileReference; lastKnownFileType = folder.assetcatalog; path = Assets.xcassets; sourceTree = "<group>"; };
		2AEC2980246FF35E00ED7AD1 /* Base */ = {isa = PBXFileReference; lastKnownFileType = file.storyboard; name = Base; path = Base.lproj/Main.storyboard; sourceTree = "<group>"; };
		2AEC2982246FF35E00ED7AD1 /* Info.plist */ = {isa = PBXFileReference; lastKnownFileType = text.plist.xml; path = Info.plist; sourceTree = "<group>"; };
		2AEC2983246FF35E00ED7AD1 /* gflash.entitlements */ = {isa = PBXFileReference; lastKnownFileType = text.plist.entitlements; path = gflash.entitlements; sourceTree = "<group>"; };
		2AEC298C246FF45A00ED7AD1 /* lib */ = {isa = PBXFileReference; lastKnownFileType = folder; path = lib; sourceTree = "<group>"; };
		2AEC298D246FF45A00ED7AD1 /* flashrom */ = {isa = PBXFileReference; lastKnownFileType = "compiled.mach-o.executable"; path = flashrom; sourceTree = "<group>"; };
		2AEC2993246FF50700ED7AD1 /* script.command */ = {isa = PBXFileReference; lastKnownFileType = text; path = script.command; sourceTree = "<group>"; };
		2AF7DE792472844000C07B69 /* patch.sh */ = {isa = PBXFileReference; fileEncoding = 4; lastKnownFileType = text.script.sh; path = patch.sh; sourceTree = "<group>"; };
		2AF7DE81247284B800C07B69 /* Media.xcassets */ = {isa = PBXFileReference; lastKnownFileType = folder.assetcatalog; path = Media.xcassets; sourceTree = "<group>"; };
		2AF7DE83247284B800C07B69 /* icon.icns */ = {isa = PBXFileReference; lastKnownFileType = image.icns; path = icon.icns; sourceTree = "<group>"; };
		2AF7DE85247284B800C07B69 /* ActionViewController.swift */ = {isa = PBXFileReference; lastKnownFileType = sourcecode.swift; path = ActionViewController.swift; sourceTree = "<group>"; };
		2AF7DE88247284B800C07B69 /* Base */ = {isa = PBXFileReference; lastKnownFileType = file.xib; name = Base; path = Base.lproj/ActionViewController.xib; sourceTree = "<group>"; };
		2AF7DE8A247284B800C07B69 /* Info.plist */ = {isa = PBXFileReference; lastKnownFileType = text.plist.xml; path = Info.plist; sourceTree = "<group>"; };
		2AF7DE8B247284B800C07B69 /* Patch.entitlements */ = {isa = PBXFileReference; lastKnownFileType = text.plist.entitlements; path = Patch.entitlements; sourceTree = "<group>"; };
		2AF7DE99247284E700C07B69 /* main.swift */ = {isa = PBXFileReference; lastKnownFileType = sourcecode.swift; path = main.swift; sourceTree = "<group>"; };
		7FD7536265EA205E4E3BD7C9 /* Pods-G-Flash.debug.xcconfig */ = {isa = PBXFileReference; includeInIndex = 1; lastKnownFileType = text.xcconfig; name = "Pods-G-Flash.debug.xcconfig"; path = "Target Support Files/Pods-G-Flash/Pods-G-Flash.debug.xcconfig"; sourceTree = "<group>"; };
		83A87F8BF4E5A2DAAF39FA2C /* Pods_G_Flash.framework */ = {isa = PBXFileReference; explicitFileType = wrapper.framework; includeInIndex = 0; path = Pods_G_Flash.framework; sourceTree = BUILT_PRODUCTS_DIR; };
		A81C7CA8CC6B505E5169E7FE /* Pods-G-Flash.release.xcconfig */ = {isa = PBXFileReference; includeInIndex = 1; lastKnownFileType = text.xcconfig; name = "Pods-G-Flash.release.xcconfig"; path = "Target Support Files/Pods-G-Flash/Pods-G-Flash.release.xcconfig"; sourceTree = "<group>"; };
/* End PBXFileReference section */

/* Begin PBXFrameworksBuildPhase section */
		2AEC2973246FF35D00ED7AD1 /* Frameworks */ = {
			isa = PBXFrameworksBuildPhase;
			buildActionMask = 2147483647;
			files = (
				2AF7DE7624727BD900C07B69 /* Pods_G_Flash.framework in Frameworks */,
			);
			runOnlyForDeploymentPostprocessing = 0;
		};
/* End PBXFrameworksBuildPhase section */

/* Begin PBXGroup section */
		2AEC296D246FF35D00ED7AD1 = {
			isa = PBXGroup;
			children = (
				2AEC2978246FF35D00ED7AD1 /* gflash */,
				2AF7DE80247284B800C07B69 /* Patch */,
				2AF7DE98247284E700C07B69 /* Patch */,
				2AEC2977246FF35D00ED7AD1 /* Products */,
				7E1B9B50F48CDE7E12F6E559 /* Pods */,
				BEB1FBAC84E74CD142F4CADE /* Frameworks */,
			);
			sourceTree = "<group>";
		};
		2AEC2977246FF35D00ED7AD1 /* Products */ = {
			isa = PBXGroup;
			children = (
				2AEC2976246FF35D00ED7AD1 /* G-Flash.app */,
			);
			name = Products;
			sourceTree = "<group>";
		};
		2AEC2978246FF35D00ED7AD1 /* gflash */ = {
			isa = PBXGroup;
			children = (
				2AEC298B246FF43B00ED7AD1 /* script */,
				2AEC298A246FF43300ED7AD1 /* bin */,
				2AEC2979246FF35D00ED7AD1 /* AppDelegate.swift */,
				2AEC297B246FF35D00ED7AD1 /* ViewController.swift */,
				2AEC297D246FF35E00ED7AD1 /* Assets.xcassets */,
				2A8350D4247322DF00C70209 /* Biosmodding.swift */,
				2AEC297F246FF35E00ED7AD1 /* Main.storyboard */,
				2A8B5EC72470A7080098B8BF /* Localizable.strings */,
				2A163B3C246FF766007DB90A /* MainWindow.swift */,
				2A82F82824713E55006688EC /* Website.swift */,
				2AB9DF08247132BD00677A16 /* Preferences.swift */,
				2AEC2982246FF35E00ED7AD1 /* Info.plist */,
				2AB9DF0524712B1200677A16 /* InfoPlist.strings */,
				2AEC2983246FF35E00ED7AD1 /* gflash.entitlements */,
				2AA27D352470656B00F8E25B /* gflash.html */,
			);
			path = gflash;
			sourceTree = "<group>";
		};
		2AEC298A246FF43300ED7AD1 /* bin */ = {
			isa = PBXGroup;
			children = (
				2AF7DE792472844000C07B69 /* patch.sh */,
				2A02454B2470075A00C9A87C /* lsusb */,
				2A8350DA2473F2EE00C70209 /* 7za */,
				2AEC298D246FF45A00ED7AD1 /* flashrom */,
				2AEC298C246FF45A00ED7AD1 /* lib */,
			);
			path = bin;
			sourceTree = "<group>";
		};
		2AEC298B246FF43B00ED7AD1 /* script */ = {
			isa = PBXGroup;
			children = (
				2AEC2993246FF50700ED7AD1 /* script.command */,
			);
			path = script;
			sourceTree = "<group>";
		};
		2AF7DE80247284B800C07B69 /* Patch */ = {
			isa = PBXGroup;
			children = (
				2AF7DE81247284B800C07B69 /* Media.xcassets */,
				2AF7DE83247284B800C07B69 /* icon.icns */,
				2AF7DE85247284B800C07B69 /* ActionViewController.swift */,
				2AF7DE87247284B800C07B69 /* ActionViewController.xib */,
				2AF7DE8A247284B800C07B69 /* Info.plist */,
				2AF7DE8B247284B800C07B69 /* Patch.entitlements */,
			);
			path = Patch;
			sourceTree = "<group>";
		};
		2AF7DE98247284E700C07B69 /* Patch */ = {
			isa = PBXGroup;
			children = (
				2AF7DE99247284E700C07B69 /* main.swift */,
			);
			path = Patch;
			sourceTree = "<group>";
		};
		7E1B9B50F48CDE7E12F6E559 /* Pods */ = {
			isa = PBXGroup;
			children = (
				7FD7536265EA205E4E3BD7C9 /* Pods-G-Flash.debug.xcconfig */,
				A81C7CA8CC6B505E5169E7FE /* Pods-G-Flash.release.xcconfig */,
			);
			path = Pods;
			sourceTree = "<group>";
		};
		BEB1FBAC84E74CD142F4CADE /* Frameworks */ = {
			isa = PBXGroup;
			children = (
				83A87F8BF4E5A2DAAF39FA2C /* Pods_G_Flash.framework */,
			);
			name = Frameworks;
			sourceTree = "<group>";
		};
/* End PBXGroup section */

/* Begin PBXLegacyTarget section */
		2AF7DEAB2472855000C07B69 /* Patch */ = {
			isa = PBXLegacyTarget;
			buildArgumentsString = patch.sh;
			buildConfigurationList = 2AF7DEAC2472855000C07B69 /* Build configuration list for PBXLegacyTarget "Patch" */;
			buildPhases = (
			);
			buildToolPath = /bin/bash;
			buildWorkingDirectory = "$(SRCROOT)/gflash/bin";
			dependencies = (
			);
			name = Patch;
			passBuildSettingsInEnvironment = 1;
			productName = Patch;
		};
/* End PBXLegacyTarget section */

/* Begin PBXNativeTarget section */
		2AEC2975246FF35D00ED7AD1 /* G-Flash */ = {
			isa = PBXNativeTarget;
			buildConfigurationList = 2AEC2986246FF35E00ED7AD1 /* Build configuration list for PBXNativeTarget "G-Flash" */;
			buildPhases = (
				95990D4883E169D9B2ACE7C5 /* [CP] Check Pods Manifest.lock */,
				2AEC2972246FF35D00ED7AD1 /* Sources */,
				2AEC2973246FF35D00ED7AD1 /* Frameworks */,
				2AEC2974246FF35D00ED7AD1 /* Resources */,
				2AEC2990246FF46900ED7AD1 /* Copy 'bin' */,
				2AEC2995246FF51600ED7AD1 /* Copy 'script' */,
				E96D62226C55ABA2FAB233CB /* [CP] Embed Pods Frameworks */,
				2A02454E2470646600C9A87C /* ShellScript */,
			);
			buildRules = (
			);
			dependencies = (
			);
			name = "G-Flash";
			productName = gflash;
			productReference = 2AEC2976246FF35D00ED7AD1 /* G-Flash.app */;
			productType = "com.apple.product-type.application";
		};
/* End PBXNativeTarget section */

/* Begin PBXProject section */
		2AEC296E246FF35D00ED7AD1 /* Project object */ = {
			isa = PBXProject;
			attributes = {
				LastSwiftUpdateCheck = 1140;
				LastUpgradeCheck = 1240;
				ORGANIZATIONNAME = "Sascha Lamprecht";
				TargetAttributes = {
					2AEC2975246FF35D00ED7AD1 = {
						CreatedOnToolsVersion = 11.4.1;
					};
					2AF7DEAB2472855000C07B69 = {
						CreatedOnToolsVersion = 11.4.1;
					};
				};
			};
			buildConfigurationList = 2AEC2971246FF35D00ED7AD1 /* Build configuration list for PBXProject "G-Flash" */;
			compatibilityVersion = "Xcode 9.3";
			developmentRegion = en;
			hasScannedForEncodings = 0;
			knownRegions = (
				en,
				Base,
				de,
			);
			mainGroup = 2AEC296D246FF35D00ED7AD1;
			productRefGroup = 2AEC2977246FF35D00ED7AD1 /* Products */;
			projectDirPath = "";
			projectRoot = "";
			targets = (
				2AEC2975246FF35D00ED7AD1 /* G-Flash */,
				2AF7DEAB2472855000C07B69 /* Patch */,
			);
		};
/* End PBXProject section */

/* Begin PBXResourcesBuildPhase section */
		2AEC2974246FF35D00ED7AD1 /* Resources */ = {
			isa = PBXResourcesBuildPhase;
			buildActionMask = 2147483647;
			files = (
				2AEC297E246FF35E00ED7AD1 /* Assets.xcassets in Resources */,
				2AB9DF0724712B1200677A16 /* InfoPlist.strings in Resources */,
				2A8B5EC92470A7080098B8BF /* Localizable.strings in Resources */,
				2AEC2981246FF35E00ED7AD1 /* Main.storyboard in Resources */,
			);
			runOnlyForDeploymentPostprocessing = 0;
		};
/* End PBXResourcesBuildPhase section */

/* Begin PBXShellScriptBuildPhase section */
		2A02454E2470646600C9A87C /* ShellScript */ = {
			isa = PBXShellScriptBuildPhase;
			buildActionMask = 2147483647;
			files = (
			);
			inputFileListPaths = (
			);
			inputPaths = (
			);
			outputFileListPaths = (
			);
			outputPaths = (
			);
			runOnlyForDeploymentPostprocessing = 0;
			shellPath = /bin/bash;
			shellScript = "# Type a script or drag a script file from your workspace to insert its path.\nrm -r /Applications/G-Flash.app\ncp -r \"${TARGET_BUILD_DIR}\"/G-Flash.app /Applications/\nif [ -d /Volumes/Homeshare/Xcode/gflash ]; then\ncp \"/Users/luigi/Documents/Xcode/gflash/gflash/gflash.html\" \"/Volumes/Homeshare/Xcode/gflash/upload/gflash.html\"\nrm /Volumes/Homeshare/Xcode/gflash/upload/gflash.zip 2> /dev/null\ncd /Applications\nditto -c -k --sequesterRsrc --keepParent G-Flash.app /Volumes/Homeshare/Xcode/gflash/upload/gflash.zip\nfi\n";
		};
		95990D4883E169D9B2ACE7C5 /* [CP] Check Pods Manifest.lock */ = {
			isa = PBXShellScriptBuildPhase;
			buildActionMask = 2147483647;
			files = (
			);
			inputFileListPaths = (
			);
			inputPaths = (
				"${PODS_PODFILE_DIR_PATH}/Podfile.lock",
				"${PODS_ROOT}/Manifest.lock",
			);
			name = "[CP] Check Pods Manifest.lock";
			outputFileListPaths = (
			);
			outputPaths = (
				"$(DERIVED_FILE_DIR)/Pods-G-Flash-checkManifestLockResult.txt",
			);
			runOnlyForDeploymentPostprocessing = 0;
			shellPath = /bin/sh;
			shellScript = "diff \"${PODS_PODFILE_DIR_PATH}/Podfile.lock\" \"${PODS_ROOT}/Manifest.lock\" > /dev/null\nif [ $? != 0 ] ; then\n    # print error to STDERR\n    echo \"error: The sandbox is not in sync with the Podfile.lock. Run 'pod install' or update your CocoaPods installation.\" >&2\n    exit 1\nfi\n# This output is used by Xcode 'outputs' to avoid re-running this script phase.\necho \"SUCCESS\" > \"${SCRIPT_OUTPUT_FILE_0}\"\n";
			showEnvVarsInLog = 0;
		};
		E96D62226C55ABA2FAB233CB /* [CP] Embed Pods Frameworks */ = {
			isa = PBXShellScriptBuildPhase;
			buildActionMask = 2147483647;
			files = (
			);
			inputFileListPaths = (
				"${PODS_ROOT}/Target Support Files/Pods-G-Flash/Pods-G-Flash-frameworks-${CONFIGURATION}-input-files.xcfilelist",
			);
			name = "[CP] Embed Pods Frameworks";
			outputFileListPaths = (
				"${PODS_ROOT}/Target Support Files/Pods-G-Flash/Pods-G-Flash-frameworks-${CONFIGURATION}-output-files.xcfilelist",
			);
			runOnlyForDeploymentPostprocessing = 0;
			shellPath = /bin/sh;
			shellScript = "\"${PODS_ROOT}/Target Support Files/Pods-G-Flash/Pods-G-Flash-frameworks.sh\"\n";
			showEnvVarsInLog = 0;
		};
/* End PBXShellScriptBuildPhase section */

/* Begin PBXSourcesBuildPhase section */
		2AEC2972246FF35D00ED7AD1 /* Sources */ = {
			isa = PBXSourcesBuildPhase;
			buildActionMask = 2147483647;
			files = (
				2A82F82924713E55006688EC /* Website.swift in Sources */,
				2AEC297C246FF35D00ED7AD1 /* ViewController.swift in Sources */,
				2A163B3D246FF766007DB90A /* MainWindow.swift in Sources */,
				2AB9DF09247132BD00677A16 /* Preferences.swift in Sources */,
				2AEC297A246FF35D00ED7AD1 /* AppDelegate.swift in Sources */,
				2A8350D5247322DF00C70209 /* Biosmodding.swift in Sources */,
			);
			runOnlyForDeploymentPostprocessing = 0;
		};
/* End PBXSourcesBuildPhase section */

/* Begin PBXVariantGroup section */
		2A8B5EC72470A7080098B8BF /* Localizable.strings */ = {
			isa = PBXVariantGroup;
			children = (
				2A8B5EC82470A7080098B8BF /* de */,
			);
			name = Localizable.strings;
			sourceTree = "<group>";
		};
		2AB9DF0524712B1200677A16 /* InfoPlist.strings */ = {
			isa = PBXVariantGroup;
			children = (
				2AB9DF0624712B1200677A16 /* de */,
			);
			name = InfoPlist.strings;
			sourceTree = "<group>";
		};
		2AEC297F246FF35E00ED7AD1 /* Main.storyboard */ = {
			isa = PBXVariantGroup;
			children = (
				2AEC2980246FF35E00ED7AD1 /* Base */,
				2A8B5EC32470A5C20098B8BF /* de */,
			);
			name = Main.storyboard;
			sourceTree = "<group>";
		};
		2AF7DE87247284B800C07B69 /* ActionViewController.xib */ = {
			isa = PBXVariantGroup;
			children = (
				2AF7DE88247284B800C07B69 /* Base */,
			);
			name = ActionViewController.xib;
			sourceTree = "<group>";
		};
/* End PBXVariantGroup section */

/* Begin XCBuildConfiguration section */
		2AEC2984246FF35E00ED7AD1 /* Debug */ = {
			isa = XCBuildConfiguration;
			buildSettings = {
				ALWAYS_SEARCH_USER_PATHS = NO;
				CLANG_ANALYZER_LOCALIZABILITY_NONLOCALIZED = YES;
				CLANG_ANALYZER_NONNULL = YES;
				CLANG_ANALYZER_NUMBER_OBJECT_CONVERSION = YES_AGGRESSIVE;
				CLANG_CXX_LANGUAGE_STANDARD = "gnu++14";
				CLANG_CXX_LIBRARY = "libc++";
				CLANG_ENABLE_MODULES = YES;
				CLANG_ENABLE_OBJC_ARC = YES;
				CLANG_ENABLE_OBJC_WEAK = YES;
				CLANG_WARN_BLOCK_CAPTURE_AUTORELEASING = YES;
				CLANG_WARN_BOOL_CONVERSION = YES;
				CLANG_WARN_COMMA = YES;
				CLANG_WARN_CONSTANT_CONVERSION = YES;
				CLANG_WARN_DEPRECATED_OBJC_IMPLEMENTATIONS = YES;
				CLANG_WARN_DIRECT_OBJC_ISA_USAGE = YES_ERROR;
				CLANG_WARN_DOCUMENTATION_COMMENTS = YES;
				CLANG_WARN_EMPTY_BODY = YES;
				CLANG_WARN_ENUM_CONVERSION = YES;
				CLANG_WARN_INFINITE_RECURSION = YES;
				CLANG_WARN_INT_CONVERSION = YES;
				CLANG_WARN_NON_LITERAL_NULL_CONVERSION = YES;
				CLANG_WARN_OBJC_IMPLICIT_RETAIN_SELF = YES;
				CLANG_WARN_OBJC_LITERAL_CONVERSION = YES;
				CLANG_WARN_OBJC_ROOT_CLASS = YES_ERROR;
				CLANG_WARN_QUOTED_INCLUDE_IN_FRAMEWORK_HEADER = YES;
				CLANG_WARN_RANGE_LOOP_ANALYSIS = YES;
				CLANG_WARN_STRICT_PROTOTYPES = YES;
				CLANG_WARN_SUSPICIOUS_MOVE = YES;
				CLANG_WARN_UNGUARDED_AVAILABILITY = YES_AGGRESSIVE;
				CLANG_WARN_UNREACHABLE_CODE = YES;
				CLANG_WARN__DUPLICATE_METHOD_MATCH = YES;
				COPY_PHASE_STRIP = NO;
				DEBUG_INFORMATION_FORMAT = dwarf;
				ENABLE_STRICT_OBJC_MSGSEND = YES;
				ENABLE_TESTABILITY = YES;
				GCC_C_LANGUAGE_STANDARD = gnu11;
				GCC_DYNAMIC_NO_PIC = NO;
				GCC_NO_COMMON_BLOCKS = YES;
				GCC_OPTIMIZATION_LEVEL = 0;
				GCC_PREPROCESSOR_DEFINITIONS = (
					"DEBUG=1",
					"$(inherited)",
				);
				GCC_WARN_64_TO_32_BIT_CONVERSION = YES;
				GCC_WARN_ABOUT_RETURN_TYPE = YES_ERROR;
				GCC_WARN_UNDECLARED_SELECTOR = YES;
				GCC_WARN_UNINITIALIZED_AUTOS = YES_AGGRESSIVE;
				GCC_WARN_UNUSED_FUNCTION = YES;
				GCC_WARN_UNUSED_VARIABLE = YES;
				MACOSX_DEPLOYMENT_TARGET = 10.10;
				MTL_ENABLE_DEBUG_INFO = INCLUDE_SOURCE;
				MTL_FAST_MATH = YES;
				SDKROOT = macosx;
				SWIFT_ACTIVE_COMPILATION_CONDITIONS = DEBUG;
				SWIFT_OPTIMIZATION_LEVEL = "-Onone";
			};
			name = Debug;
		};
		2AEC2985246FF35E00ED7AD1 /* Release */ = {
			isa = XCBuildConfiguration;
			buildSettings = {
				ALWAYS_SEARCH_USER_PATHS = NO;
				CLANG_ANALYZER_LOCALIZABILITY_NONLOCALIZED = YES;
				CLANG_ANALYZER_NONNULL = YES;
				CLANG_ANALYZER_NUMBER_OBJECT_CONVERSION = YES_AGGRESSIVE;
				CLANG_CXX_LANGUAGE_STANDARD = "gnu++14";
				CLANG_CXX_LIBRARY = "libc++";
				CLANG_ENABLE_MODULES = YES;
				CLANG_ENABLE_OBJC_ARC = YES;
				CLANG_ENABLE_OBJC_WEAK = YES;
				CLANG_WARN_BLOCK_CAPTURE_AUTORELEASING = YES;
				CLANG_WARN_BOOL_CONVERSION = YES;
				CLANG_WARN_COMMA = YES;
				CLANG_WARN_CONSTANT_CONVERSION = YES;
				CLANG_WARN_DEPRECATED_OBJC_IMPLEMENTATIONS = YES;
				CLANG_WARN_DIRECT_OBJC_ISA_USAGE = YES_ERROR;
				CLANG_WARN_DOCUMENTATION_COMMENTS = YES;
				CLANG_WARN_EMPTY_BODY = YES;
				CLANG_WARN_ENUM_CONVERSION = YES;
				CLANG_WARN_INFINITE_RECURSION = YES;
				CLANG_WARN_INT_CONVERSION = YES;
				CLANG_WARN_NON_LITERAL_NULL_CONVERSION = YES;
				CLANG_WARN_OBJC_IMPLICIT_RETAIN_SELF = YES;
				CLANG_WARN_OBJC_LITERAL_CONVERSION = YES;
				CLANG_WARN_OBJC_ROOT_CLASS = YES_ERROR;
				CLANG_WARN_QUOTED_INCLUDE_IN_FRAMEWORK_HEADER = YES;
				CLANG_WARN_RANGE_LOOP_ANALYSIS = YES;
				CLANG_WARN_STRICT_PROTOTYPES = YES;
				CLANG_WARN_SUSPICIOUS_MOVE = YES;
				CLANG_WARN_UNGUARDED_AVAILABILITY = YES_AGGRESSIVE;
				CLANG_WARN_UNREACHABLE_CODE = YES;
				CLANG_WARN__DUPLICATE_METHOD_MATCH = YES;
				COPY_PHASE_STRIP = NO;
				DEBUG_INFORMATION_FORMAT = "dwarf-with-dsym";
				ENABLE_NS_ASSERTIONS = NO;
				ENABLE_STRICT_OBJC_MSGSEND = YES;
				GCC_C_LANGUAGE_STANDARD = gnu11;
				GCC_NO_COMMON_BLOCKS = YES;
				GCC_WARN_64_TO_32_BIT_CONVERSION = YES;
				GCC_WARN_ABOUT_RETURN_TYPE = YES_ERROR;
				GCC_WARN_UNDECLARED_SELECTOR = YES;
				GCC_WARN_UNINITIALIZED_AUTOS = YES_AGGRESSIVE;
				GCC_WARN_UNUSED_FUNCTION = YES;
				GCC_WARN_UNUSED_VARIABLE = YES;
				MACOSX_DEPLOYMENT_TARGET = 10.10;
				MTL_ENABLE_DEBUG_INFO = NO;
				MTL_FAST_MATH = YES;
				SDKROOT = macosx;
				SWIFT_COMPILATION_MODE = wholemodule;
				SWIFT_OPTIMIZATION_LEVEL = "-O";
			};
			name = Release;
		};
		2AEC2987246FF35E00ED7AD1 /* Debug */ = {
			isa = XCBuildConfiguration;
			baseConfigurationReference = 7FD7536265EA205E4E3BD7C9 /* Pods-G-Flash.debug.xcconfig */;
			buildSettings = {
				ALWAYS_EMBED_SWIFT_STANDARD_LIBRARIES = YES;
				ASSETCATALOG_COMPILER_APPICON_NAME = AppIcon;
				CODE_SIGN_ENTITLEMENTS = gflash/gflash.entitlements;
				CODE_SIGN_IDENTITY = "-";
				CODE_SIGN_STYLE = Manual;
				COMBINE_HIDPI_IMAGES = YES;
				CURRENT_PROJECT_VERSION = 103;
				DEVELOPMENT_TEAM = "";
				ENABLE_HARDENED_RUNTIME = NO;
				INFOPLIST_FILE = gflash/Info.plist;
				LD_RUNPATH_SEARCH_PATHS = (
					"$(inherited)",
					"@executable_path/../Frameworks",
				);
				MACOSX_DEPLOYMENT_TARGET = 10.10;
				MARKETING_VERSION = 1.0.3;
				PRODUCT_BUNDLE_IDENTIFIER = gflash.slsoft.de;
				PRODUCT_NAME = "$(TARGET_NAME)";
				PROVISIONING_PROFILE_SPECIFIER = "";
				SWIFT_VERSION = 5.0;
			};
			name = Debug;
		};
		2AEC2988246FF35E00ED7AD1 /* Release */ = {
			isa = XCBuildConfiguration;
			baseConfigurationReference = A81C7CA8CC6B505E5169E7FE /* Pods-G-Flash.release.xcconfig */;
			buildSettings = {
				ALWAYS_EMBED_SWIFT_STANDARD_LIBRARIES = YES;
				ASSETCATALOG_COMPILER_APPICON_NAME = AppIcon;
				CODE_SIGN_ENTITLEMENTS = gflash/gflash.entitlements;
				CODE_SIGN_IDENTITY = "-";
				CODE_SIGN_STYLE = Manual;
				COMBINE_HIDPI_IMAGES = YES;
				CURRENT_PROJECT_VERSION = 103;
				DEVELOPMENT_TEAM = "";
				ENABLE_HARDENED_RUNTIME = NO;
				INFOPLIST_FILE = gflash/Info.plist;
				LD_RUNPATH_SEARCH_PATHS = (
					"$(inherited)",
					"@executable_path/../Frameworks",
				);
				MACOSX_DEPLOYMENT_TARGET = 10.10;
				MARKETING_VERSION = 1.0.3;
				PRODUCT_BUNDLE_IDENTIFIER = gflash.slsoft.de;
				PRODUCT_NAME = "$(TARGET_NAME)";
				PROVISIONING_PROFILE_SPECIFIER = "";
				SWIFT_VERSION = 5.0;
			};
			name = Release;
		};
		2AF7DEAD2472855000C07B69 /* Debug */ = {
			isa = XCBuildConfiguration;
			buildSettings = {
				CODE_SIGN_STYLE = Automatic;
				DEBUGGING_SYMBOLS = YES;
				DEBUG_INFORMATION_FORMAT = dwarf;
				GCC_GENERATE_DEBUGGING_SYMBOLS = YES;
				GCC_OPTIMIZATION_LEVEL = 0;
				OTHER_CFLAGS = "";
				OTHER_LDFLAGS = "";
				PRODUCT_NAME = "$(TARGET_NAME)";
			};
			name = Debug;
		};
		2AF7DEAE2472855000C07B69 /* Release */ = {
			isa = XCBuildConfiguration;
			buildSettings = {
				CODE_SIGN_STYLE = Automatic;
				DEBUG_INFORMATION_FORMAT = "dwarf-with-dsym";
				OTHER_CFLAGS = "";
				OTHER_LDFLAGS = "";
				PRODUCT_NAME = "$(TARGET_NAME)";
			};
			name = Release;
		};
/* End XCBuildConfiguration section */

/* Begin XCConfigurationList section */
		2AEC2971246FF35D00ED7AD1 /* Build configuration list for PBXProject "G-Flash" */ = {
			isa = XCConfigurationList;
			buildConfigurations = (
				2AEC2984246FF35E00ED7AD1 /* Debug */,
				2AEC2985246FF35E00ED7AD1 /* Release */,
			);
			defaultConfigurationIsVisible = 0;
			defaultConfigurationName = Release;
		};
		2AEC2986246FF35E00ED7AD1 /* Build configuration list for PBXNativeTarget "G-Flash" */ = {
			isa = XCConfigurationList;
			buildConfigurations = (
				2AEC2987246FF35E00ED7AD1 /* Debug */,
				2AEC2988246FF35E00ED7AD1 /* Release */,
			);
			defaultConfigurationIsVisible = 0;
			defaultConfigurationName = Release;
		};
		2AF7DEAC2472855000C07B69 /* Build configuration list for PBXLegacyTarget "Patch" */ = {
			isa = XCConfigurationList;
			buildConfigurations = (
				2AF7DEAD2472855000C07B69 /* Debug */,
				2AF7DEAE2472855000C07B69 /* Release */,
			);
			defaultConfigurationIsVisible = 0;
			defaultConfigurationName = Release;
		};
/* End XCConfigurationList section */
	};
	rootObject = 2AEC296E246FF35D00ED7AD1 /* Project object */;
}
